
Microsoft Visual Studio Solution File, Format Version 12.00
# Visual Studio Version 17
VisualStudioVersion = 17.1.32210.238
MinimumVisualStudioVersion = 10.0.40219.1
Project("{8BC9CEB8-8B4A-11D0-8D11-00A0C91BC942}") = "Games", "Games\Games.vcxproj", "{BAB3E25B-4328-46FC-AA46-5DE3BA523D19}"
EndProject
Global
	GlobalSection(SolutionConfigurationPlatforms) = preSolution
		Debug|x64 = Debug|x64
		Debug|x86 = Debug|x86
		Release|x64 = Release|x64
		Release|x86 = Release|x86
	EndGlobalSection
	GlobalSection(ProjectConfigurationPlatforms) = postSolution
		{BAB3E25B-4328-46FC-AA46-5DE3BA523D19}.Debug|x64.ActiveCfg = Debug|x64
		{BAB3E25B-4328-46FC-AA46-5DE3BA523D19}.Debug|x64.Build.0 = Debug|x64
		{BAB3E25B-4328-46FC-AA46-5DE3BA523D19}.Debug|x86.ActiveCfg = Debug|Win32
		{BAB3E25B-4328-46FC-AA46-5DE3BA523D19}.Debug|x86.Build.0 = Debug|Win32
		{BAB3E25B-4328-46FC-AA46-5DE3BA523D19}.Release|x64.ActiveCfg = Release|x64
		{BAB3E25B-4328-46FC-AA46-5DE3BA523D19}.Release|x64.Build.0 = Release|x64
		{BAB3E25B-4328-46FC-AA46-5DE3BA523D19}.Release|x86.ActiveCfg = Release|Win32
		{BAB3E25B-4328-46FC-AA46-5DE3BA523D19}.Release|x86.Build.0 = Release|Win32
	EndGlobalSection
	GlobalSection(SolutionProperties) = preSolution
		HideSolutionNode = FALSE
	EndGlobalSection
	GlobalSection(ExtensibilityGlobals) = postSolution
		SolutionGuid = {60674F2A-62B4-474E-AB52-D1538F79B9ED}
	EndGlobalSection
EndGlobal
